Microsoft Visual Studio Solution File, Format Version 11.00
# Visual Studio 2008

Project("{E49094D1-57DE-E72B-C855-287E261861B6}") = "To-on prototype", "Assembly-CSharp.csproj", "{D13D99E8-D3CD-14E5-EF1C-51EB68BD7BFA}"
EndProject
Project("{E49094D1-57DE-E72B-C855-287E261861B6}") = "To-on prototype", "Assembly-CSharp-Editor.csproj", "{1ECCBD99-4E7B-514C-1230-E2456AE3E879}"
EndProject
Global
	GlobalSection(SolutionConfigurationPlatforms) = preSolution
		Debug|Any CPU = Debug|Any CPU
		Release|Any CPU = Release|Any CPU
	EndGlobalSection
	GlobalSection(ProjectConfigurationPlatforms) = postSolution
		{D13D99E8-D3CD-14E5-EF1C-51EB68BD7BFA}.Debug|Any CPU.ActiveCfg = Debug|Any CPU
		{D13D99E8-D3CD-14E5-EF1C-51EB68BD7BFA}.Debug|Any CPU.Build.0 = Debug|Any CPU
		{D13D99E8-D3CD-14E5-EF1C-51EB68BD7BFA}.Release|Any CPU.ActiveCfg = Release|Any CPU
		{D13D99E8-D3CD-14E5-EF1C-51EB68BD7BFA}.Release|Any CPU.Build.0 = Release|Any CPU
		{1ECCBD99-4E7B-514C-1230-E2456AE3E879}.Debug|Any CPU.ActiveCfg = Debug|Any CPU
		{1ECCBD99-4E7B-514C-1230-E2456AE3E879}.Debug|Any CPU.Build.0 = Debug|Any CPU
		{1ECCBD99-4E7B-514C-1230-E2456AE3E879}.Release|Any CPU.ActiveCfg = Release|Any CPU
		{1ECCBD99-4E7B-514C-1230-E2456AE3E879}.Release|Any CPU.Build.0 = Release|Any CPU
	EndGlobalSection
	GlobalSection(SolutionProperties) = preSolution
		HideSolutionNode = FALSE
	EndGlobalSection
	GlobalSection(MonoDevelopProperties) = preSolution
		StartupItem = Assembly-CSharp.csproj
	EndGlobalSection
EndGlobal
